// !$*UTF8*$!
{
	archiveVersion = 1;
	classes = {
	};
	objectVersion = 46;
	objects = {

/* Begin PBXBuildFile section */
		A76E9A971EB9789B0091915D /* main.m in Sources */ = {isa = PBXBuildFile; fileRef = A76E9A961EB9789B0091915D /* main.m */; };
		A76E9A9A1EB9789B0091915D /* AppDelegate.m in Sources */ = {isa = PBXBuildFile; fileRef = A76E9A991EB9789B0091915D /* AppDelegate.m */; };
		A76E9AA01EB9789B0091915D /* Main.storyboard in Resources */ = {isa = PBXBuildFile; fileRef = A76E9A9E1EB9789B0091915D /* Main.storyboard */; };
		A76E9AA21EB9789B0091915D /* Assets.xcassets in Resources */ = {isa = PBXBuildFile; fileRef = A76E9AA11EB9789B0091915D /* Assets.xcassets */; };
		A76E9AA51EB9789B0091915D /* LaunchScreen.storyboard in Resources */ = {isa = PBXBuildFile; fileRef = A76E9AA31EB9789B0091915D /* LaunchScreen.storyboard */; };
		A76E9AB01EB9789B0091915D /* TommyTemplateTests.m in Sources */ = {isa = PBXBuildFile; fileRef = A76E9AAF1EB9789B0091915D /* TommyTemplateTests.m */; };
		A76E9ABB1EB9789B0091915D /* TommyTemplateUITests.m in Sources */ = {isa = PBXBuildFile; fileRef = A76E9ABA1EB9789B0091915D /* TommyTemplateUITests.m */; };
		A76E9B7A1EB988CF0091915D /* MBProgressHUD.m in Sources */ = {isa = PBXBuildFile; fileRef = A76E9B3E1EB988CE0091915D /* MBProgressHUD.m */; };
		A76E9B821EB9B5F40091915D /* BMChineseSort.m in Sources */ = {isa = PBXBuildFile; fileRef = A76E9B811EB9B5F40091915D /* BMChineseSort.m */; };
		A76E9B861EB9B7D00091915D /* DVYearMonthDatePicker.m in Sources */ = {isa = PBXBuildFile; fileRef = A76E9B851EB9B7D00091915D /* DVYearMonthDatePicker.m */; };
		A76E9B891EB9BC410091915D /* TYTestViewController.m in Sources */ = {isa = PBXBuildFile; fileRef = A76E9B881EB9BC410091915D /* TYTestViewController.m */; };
		A76E9B8D1EB9CEB60091915D /* TYLocationObject.m in Sources */ = {isa = PBXBuildFile; fileRef = A76E9B8C1EB9CEB60091915D /* TYLocationObject.m */; };
		A76E9B901EB9CF550091915D /* CLLocation+YCLocation.m in Sources */ = {isa = PBXBuildFile; fileRef = A76E9B8F1EB9CF550091915D /* CLLocation+YCLocation.m */; };
		E00CB61B07E861A23130BF16 /* libPods-TommyTemplate.a in Frameworks */ = {isa = PBXBuildFile; fileRef = 3A4B1D052F809811E35F67ED /* libPods-TommyTemplate.a */; };
/* End PBXBuildFile section */

/* Begin PBXContainerItemProxy section */
		A76E9AAC1EB9789B0091915D /* PBXContainerItemProxy */ = {
			isa = PBXContainerItemProxy;
			containerPortal = A76E9A8A1EB9789B0091915D /* Project object */;
			proxyType = 1;
			remoteGlobalIDString = A76E9A911EB9789B0091915D;
			remoteInfo = TommyTemplate;
		};
		A76E9AB71EB9789B0091915D /* PBXContainerItemProxy */ = {
			isa = PBXContainerItemProxy;
			containerPortal = A76E9A8A1EB9789B0091915D /* Project object */;
			proxyType = 1;
			remoteGlobalIDString = A76E9A911EB9789B0091915D;
			remoteInfo = TommyTemplate;
		};
/* End PBXContainerItemProxy section */

/* Begin PBXFileReference section */
		263870373920F99A2ED8B985 /* Pods-TommyTemplate.debug.xcconfig */ = {isa = PBXFileReference; includeInIndex = 1; lastKnownFileType = text.xcconfig; name = "Pods-TommyTemplate.debug.xcconfig"; path = "Pods/Target Support Files/Pods-TommyTemplate/Pods-TommyTemplate.debug.xcconfig"; sourceTree = "<group>"; };
		3A4B1D052F809811E35F67ED /* libPods-TommyTemplate.a */ = {isa = PBXFileReference; explicitFileType = archive.ar; includeInIndex = 0; path = "libPods-TommyTemplate.a"; sourceTree = BUILT_PRODUCTS_DIR; };
		A20AB2A1419432F5676FAD6C /* Pods-TommyTemplate.release.xcconfig */ = {isa = PBXFileReference; includeInIndex = 1; lastKnownFileType = text.xcconfig; name = "Pods-TommyTemplate.release.xcconfig"; path = "Pods/Target Support Files/Pods-TommyTemplate/Pods-TommyTemplate.release.xcconfig"; sourceTree = "<group>"; };
		A76E9A921EB9789B0091915D /* TommyTemplate.app */ = {isa = PBXFileReference; explicitFileType = wrapper.application; includeInIndex = 0; path = TommyTemplate.app; sourceTree = BUILT_PRODUCTS_DIR; };
		A76E9A961EB9789B0091915D /* main.m */ = {isa = PBXFileReference; lastKnownFileType = sourcecode.c.objc; path = main.m; sourceTree = "<group>"; };
		A76E9A981EB9789B0091915D /* AppDelegate.h */ = {isa = PBXFileReference; lastKnownFileType = sourcecode.c.h; path = AppDelegate.h; sourceTree = "<group>"; };
		A76E9A991EB9789B0091915D /* AppDelegate.m */ = {isa = PBXFileReference; lastKnownFileType = sourcecode.c.objc; path = AppDelegate.m; sourceTree = "<group>"; };
		A76E9A9F1EB9789B0091915D /* Base */ = {isa = PBXFileReference; lastKnownFileType = file.storyboard; name = Base; path = Base.lproj/Main.storyboard; sourceTree = "<group>"; };
		A76E9AA11EB9789B0091915D /* Assets.xcassets */ = {isa = PBXFileReference; lastKnownFileType = folder.assetcatalog; path = Assets.xcassets; sourceTree = "<group>"; };
		A76E9AA41EB9789B0091915D /* Base */ = {isa = PBXFileReference; lastKnownFileType = file.storyboard; name = Base; path = Base.lproj/LaunchScreen.storyboard; sourceTree = "<group>"; };
		A76E9AA61EB9789B0091915D /* Info.plist */ = {isa = PBXFileReference; lastKnownFileType = text.plist.xml; path = Info.plist; sourceTree = "<group>"; };
		A76E9AAB1EB9789B0091915D /* TommyTemplateTests.xctest */ = {isa = PBXFileReference; explicitFileType = wrapper.cfbundle; includeInIndex = 0; path = TommyTemplateTests.xctest; sourceTree = BUILT_PRODUCTS_DIR; };
		A76E9AAF1EB9789B0091915D /* TommyTemplateTests.m */ = {isa = PBXFileReference; lastKnownFileType = sourcecode.c.objc; path = TommyTemplateTests.m; sourceTree = "<group>"; };
		A76E9AB11EB9789B0091915D /* Info.plist */ = {isa = PBXFileReference; lastKnownFileType = text.plist.xml; path = Info.plist; sourceTree = "<group>"; };
		A76E9AB61EB9789B0091915D /* TommyTemplateUITests.xctest */ = {isa = PBXFileReference; explicitFileType = wrapper.cfbundle; includeInIndex = 0; path = TommyTemplateUITests.xctest; sourceTree = BUILT_PRODUCTS_DIR; };
		A76E9ABA1EB9789B0091915D /* TommyTemplateUITests.m */ = {isa = PBXFileReference; lastKnownFileType = sourcecode.c.objc; path = TommyTemplateUITests.m; sourceTree = "<group>"; };
		A76E9ABC1EB9789B0091915D /* Info.plist */ = {isa = PBXFileReference; lastKnownFileType = text.plist.xml; path = Info.plist; sourceTree = "<group>"; };
		A76E9B3D1EB988CE0091915D /* MBProgressHUD.h */ = {isa = PBXFileReference; fileEncoding = 4; lastKnownFileType = sourcecode.c.h; path = MBProgressHUD.h; sourceTree = "<group>"; };
		A76E9B3E1EB988CE0091915D /* MBProgressHUD.m */ = {isa = PBXFileReference; fileEncoding = 4; lastKnownFileType = sourcecode.c.objc; path = MBProgressHUD.m; sourceTree = "<group>"; };
		A76E9B801EB9B5F40091915D /* BMChineseSort.h */ = {isa = PBXFileReference; fileEncoding = 4; lastKnownFileType = sourcecode.c.h; path = BMChineseSort.h; sourceTree = "<group>"; };
		A76E9B811EB9B5F40091915D /* BMChineseSort.m */ = {isa = PBXFileReference; fileEncoding = 4; lastKnownFileType = sourcecode.c.objc; path = BMChineseSort.m; sourceTree = "<group>"; };
		A76E9B841EB9B7D00091915D /* DVYearMonthDatePicker.h */ = {isa = PBXFileReference; fileEncoding = 4; lastKnownFileType = sourcecode.c.h; path = DVYearMonthDatePicker.h; sourceTree = "<group>"; };
		A76E9B851EB9B7D00091915D /* DVYearMonthDatePicker.m */ = {isa = PBXFileReference; fileEncoding = 4; lastKnownFileType = sourcecode.c.objc; path = DVYearMonthDatePicker.m; sourceTree = "<group>"; };
		A76E9B871EB9BC410091915D /* TYTestViewController.h */ = {isa = PBXFileReference; fileEncoding = 4; lastKnownFileType = sourcecode.c.h; path = TYTestViewController.h; sourceTree = "<group>"; };
		A76E9B881EB9BC410091915D /* TYTestViewController.m */ = {isa = PBXFileReference; fileEncoding = 4; lastKnownFileType = sourcecode.c.objc; path = TYTestViewController.m; sourceTree = "<group>"; };
		A76E9B8B1EB9CEB60091915D /* TYLocationObject.h */ = {isa = PBXFileReference; fileEncoding = 4; lastKnownFileType = sourcecode.c.h; path = TYLocationObject.h; sourceTree = "<group>"; };
		A76E9B8C1EB9CEB60091915D /* TYLocationObject.m */ = {isa = PBXFileReference; fileEncoding = 4; lastKnownFileType = sourcecode.c.objc; path = TYLocationObject.m; sourceTree = "<group>"; };
		A76E9B8E1EB9CF550091915D /* CLLocation+YCLocation.h */ = {isa = PBXFileReference; fileEncoding = 4; lastKnownFileType = sourcecode.c.h; path = "CLLocation+YCLocation.h"; sourceTree = "<group>"; };
		A76E9B8F1EB9CF550091915D /* CLLocation+YCLocation.m */ = {isa = PBXFileReference; fileEncoding = 4; lastKnownFileType = sourcecode.c.objc; path = "CLLocation+YCLocation.m"; sourceTree = "<group>"; };
/* End PBXFileReference section */

/* Begin PBXFrameworksBuildPhase section */
		A76E9A8F1EB9789B0091915D /* Frameworks */ = {
			isa = PBXFrameworksBuildPhase;
			buildActionMask = 2147483647;
			files = (
				E00CB61B07E861A23130BF16 /* libPods-TommyTemplate.a in Frameworks */,
			);
			runOnlyForDeploymentPostprocessing = 0;
		};
		A76E9AA81EB9789B0091915D /* Frameworks */ = {
			isa = PBXFrameworksBuildPhase;
			buildActionMask = 2147483647;
			files = (
			);
			runOnlyForDeploymentPostprocessing = 0;
		};
		A76E9AB31EB9789B0091915D /* Frameworks */ = {
			isa = PBXFrameworksBuildPhase;
			buildActionMask = 2147483647;
			files = (
			);
			runOnlyForDeploymentPostprocessing = 0;
		};
/* End PBXFrameworksBuildPhase section */

/* Begin PBXGroup section */
		6656A6E5D5DB13541F448C82 /* Pods */ = {
			isa = PBXGroup;
			children = (
				263870373920F99A2ED8B985 /* Pods-TommyTemplate.debug.xcconfig */,
				A20AB2A1419432F5676FAD6C /* Pods-TommyTemplate.release.xcconfig */,
			);
			name = Pods;
			sourceTree = "<group>";
		};
		A76E9A891EB9789B0091915D = {
			isa = PBXGroup;
			children = (
				A76E9A941EB9789B0091915D /* TommyTemplate */,
				A76E9AAE1EB9789B0091915D /* TommyTemplateTests */,
				A76E9AB91EB9789B0091915D /* TommyTemplateUITests */,
				A76E9A931EB9789B0091915D /* Products */,
				6656A6E5D5DB13541F448C82 /* Pods */,
				C42C0B1A847566D01AC72287 /* Frameworks */,
			);
			sourceTree = "<group>";
		};
		A76E9A931EB9789B0091915D /* Products */ = {
			isa = PBXGroup;
			children = (
				A76E9A921EB9789B0091915D /* TommyTemplate.app */,
				A76E9AAB1EB9789B0091915D /* TommyTemplateTests.xctest */,
				A76E9AB61EB9789B0091915D /* TommyTemplateUITests.xctest */,
			);
			name = Products;
			sourceTree = "<group>";
		};
		A76E9A941EB9789B0091915D /* TommyTemplate */ = {
			isa = PBXGroup;
			children = (
				A76E9AC81EB988CE0091915D /* Categories */,
				A76E9B351EB988CE0091915D /* Macros_Const */,
				A76E9B361EB988CE0091915D /* Models */,
				A76E9B371EB988CE0091915D /* NetWorkApis */,
				A76E9B381EB988CE0091915D /* Resources */,
				A76E9B391EB988CE0091915D /* Services */,
				A76E9B3A1EB988CE0091915D /* Tools */,
				A76E9B3B1EB988CE0091915D /* Vender */,
				A76E9B491EB988CE0091915D /* View */,
				A76E9B4B1EB988CE0091915D /* ViewControllers */,
				A76E9B4D1EB988CE0091915D /* ViewModels */,
				A76E9A981EB9789B0091915D /* AppDelegate.h */,
				A76E9A991EB9789B0091915D /* AppDelegate.m */,
				A76E9A9E1EB9789B0091915D /* Main.storyboard */,
				A76E9AA11EB9789B0091915D /* Assets.xcassets */,
				A76E9AA31EB9789B0091915D /* LaunchScreen.storyboard */,
				A76E9AA61EB9789B0091915D /* Info.plist */,
				A76E9A951EB9789B0091915D /* Supporting Files */,
			);
			path = TommyTemplate;
			sourceTree = "<group>";
		};
		A76E9A951EB9789B0091915D /* Supporting Files */ = {
			isa = PBXGroup;
			children = (
				A76E9A961EB9789B0091915D /* main.m */,
			);
			name = "Supporting Files";
			sourceTree = "<group>";
		};
		A76E9AAE1EB9789B0091915D /* TommyTemplateTests */ = {
			isa = PBXGroup;
			children = (
				A76E9AAF1EB9789B0091915D /* TommyTemplateTests.m */,
				A76E9AB11EB9789B0091915D /* Info.plist */,
			);
			path = TommyTemplateTests;
			sourceTree = "<group>";
		};
		A76E9AB91EB9789B0091915D /* TommyTemplateUITests */ = {
			isa = PBXGroup;
			children = (
				A76E9ABA1EB9789B0091915D /* TommyTemplateUITests.m */,
				A76E9ABC1EB9789B0091915D /* Info.plist */,
			);
			path = TommyTemplateUITests;
			sourceTree = "<group>";
		};
		A76E9AC81EB988CE0091915D /* Categories */ = {
			isa = PBXGroup;
			children = (
			);
			path = Categories;
			sourceTree = "<group>";
		};
		A76E9B351EB988CE0091915D /* Macros_Const */ = {
			isa = PBXGroup;
			children = (
			);
			path = Macros_Const;
			sourceTree = "<group>";
		};
		A76E9B361EB988CE0091915D /* Models */ = {
			isa = PBXGroup;
			children = (
			);
			path = Models;
			sourceTree = "<group>";
		};
		A76E9B371EB988CE0091915D /* NetWorkApis */ = {
			isa = PBXGroup;
			children = (
			);
			path = NetWorkApis;
			sourceTree = "<group>";
		};
		A76E9B381EB988CE0091915D /* Resources */ = {
			isa = PBXGroup;
			children = (
			);
			path = Resources;
			sourceTree = "<group>";
		};
		A76E9B391EB988CE0091915D /* Services */ = {
			isa = PBXGroup;
			children = (
				A76E9B8A1EB9CE790091915D /* Location */,
			);
			path = Services;
			sourceTree = "<group>";
		};
		A76E9B3A1EB988CE0091915D /* Tools */ = {
			isa = PBXGroup;
			children = (
			);
			path = Tools;
			sourceTree = "<group>";
		};
		A76E9B3B1EB988CE0091915D /* Vender */ = {
			isa = PBXGroup;
			children = (
				A76E9B831EB9B7D00091915D /* DVYearMonthDatePicker */,
				A76E9B7F1EB9B5F40091915D /* ChineseSorting */,
				A76E9B3C1EB988CE0091915D /* MBProgressHUD */,
			);
			path = Vender;
			sourceTree = "<group>";
		};
		A76E9B3C1EB988CE0091915D /* MBProgressHUD */ = {
			isa = PBXGroup;
			children = (
				A76E9B3D1EB988CE0091915D /* MBProgressHUD.h */,
				A76E9B3E1EB988CE0091915D /* MBProgressHUD.m */,
			);
			path = MBProgressHUD;
			sourceTree = "<group>";
		};
		A76E9B491EB988CE0091915D /* View */ = {
			isa = PBXGroup;
			children = (
				A76E9B4A1EB988CE0091915D /* Base */,
			);
			path = View;
			sourceTree = "<group>";
		};
		A76E9B4A1EB988CE0091915D /* Base */ = {
			isa = PBXGroup;
			children = (
			);
			path = Base;
			sourceTree = "<group>";
		};
		A76E9B4B1EB988CE0091915D /* ViewControllers */ = {
			isa = PBXGroup;
			children = (
				A76E9B4C1EB988CE0091915D /* Base */,
				A76E9B871EB9BC410091915D /* TYTestViewController.h */,
				A76E9B881EB9BC410091915D /* TYTestViewController.m */,
			);
			path = ViewControllers;
			sourceTree = "<group>";
		};
		A76E9B4C1EB988CE0091915D /* Base */ = {
			isa = PBXGroup;
			children = (
			);
			path = Base;
			sourceTree = "<group>";
		};
		A76E9B4D1EB988CE0091915D /* ViewModels */ = {
			isa = PBXGroup;
			children = (
			);
			path = ViewModels;
			sourceTree = "<group>";
		};
		A76E9B7F1EB9B5F40091915D /* ChineseSorting */ = {
			isa = PBXGroup;
			children = (
				A76E9B801EB9B5F40091915D /* BMChineseSort.h */,
				A76E9B811EB9B5F40091915D /* BMChineseSort.m */,
			);
			path = ChineseSorting;
			sourceTree = "<group>";
		};
		A76E9B831EB9B7D00091915D /* DVYearMonthDatePicker */ = {
			isa = PBXGroup;
			children = (
				A76E9B841EB9B7D00091915D /* DVYearMonthDatePicker.h */,
				A76E9B851EB9B7D00091915D /* DVYearMonthDatePicker.m */,
			);
			path = DVYearMonthDatePicker;
			sourceTree = "<group>";
		};
		A76E9B8A1EB9CE790091915D /* Location */ = {
			isa = PBXGroup;
			children = (
				A76E9B8E1EB9CF550091915D /* CLLocation+YCLocation.h */,
				A76E9B8F1EB9CF550091915D /* CLLocation+YCLocation.m */,
				A76E9B8B1EB9CEB60091915D /* TYLocationObject.h */,
				A76E9B8C1EB9CEB60091915D /* TYLocationObject.m */,
			);
			path = Location;
			sourceTree = "<group>";
		};
		C42C0B1A847566D01AC72287 /* Frameworks */ = {
			isa = PBXGroup;
			children = (
				3A4B1D052F809811E35F67ED /* libPods-TommyTemplate.a */,
			);
			name = Frameworks;
			sourceTree = "<group>";
		};
/* End PBXGroup section */

/* Begin PBXNativeTarget section */
		A76E9A911EB9789B0091915D /* TommyTemplate */ = {
			isa = PBXNativeTarget;
			buildConfigurationList = A76E9ABF1EB9789B0091915D /* Build configuration list for PBXNativeTarget "TommyTemplate" */;
			buildPhases = (
				C7E2F57D6F37386970885245 /* [CP] Check Pods Manifest.lock */,
				A76E9A8E1EB9789B0091915D /* Sources */,
				A76E9A8F1EB9789B0091915D /* Frameworks */,
				A76E9A901EB9789B0091915D /* Resources */,
				EAEF9C124D9DDE2F7350085F /* [CP] Embed Pods Frameworks */,
				8B1650CC580FCC50D376574E /* [CP] Copy Pods Resources */,
			);
			buildRules = (
			);
			dependencies = (
			);
			name = TommyTemplate;
			productName = TommyTemplate;
			productReference = A76E9A921EB9789B0091915D /* TommyTemplate.app */;
			productType = "com.apple.product-type.application";
		};
		A76E9AAA1EB9789B0091915D /* TommyTemplateTests */ = {
			isa = PBXNativeTarget;
			buildConfigurationList = A76E9AC21EB9789B0091915D /* Build configuration list for PBXNativeTarget "TommyTemplateTests" */;
			buildPhases = (
				A76E9AA71EB9789B0091915D /* Sources */,
				A76E9AA81EB9789B0091915D /* Frameworks */,
				A76E9AA91EB9789B0091915D /* Resources */,
			);
			buildRules = (
			);
			dependencies = (
				A76E9AAD1EB9789B0091915D /* PBXTargetDependency */,
			);
			name = TommyTemplateTests;
			productName = TommyTemplateTests;
			productReference = A76E9AAB1EB9789B0091915D /* TommyTemplateTests.xctest */;
			productType = "com.apple.product-type.bundle.unit-test";
		};
		A76E9AB51EB9789B0091915D /* TommyTemplateUITests */ = {
			isa = PBXNativeTarget;
			buildConfigurationList = A76E9AC51EB9789B0091915D /* Build configuration list for PBXNativeTarget "TommyTemplateUITests" */;
			buildPhases = (
				A76E9AB21EB9789B0091915D /* Sources */,
				A76E9AB31EB9789B0091915D /* Frameworks */,
				A76E9AB41EB9789B0091915D /* Resources */,
			);
			buildRules = (
			);
			dependencies = (
				A76E9AB81EB9789B0091915D /* PBXTargetDependency */,
			);
			name = TommyTemplateUITests;
			productName = TommyTemplateUITests;
			productReference = A76E9AB61EB9789B0091915D /* TommyTemplateUITests.xctest */;
			productType = "com.apple.product-type.bundle.ui-testing";
		};
/* End PBXNativeTarget section */

/* Begin PBXProject section */
		A76E9A8A1EB9789B0091915D /* Project object */ = {
			isa = PBXProject;
			attributes = {
				LastUpgradeCheck = 0830;
				ORGANIZATIONNAME = Tommy;
				TargetAttributes = {
					A76E9A911EB9789B0091915D = {
						CreatedOnToolsVersion = 8.3.2;
						ProvisioningStyle = Automatic;
					};
					A76E9AAA1EB9789B0091915D = {
						CreatedOnToolsVersion = 8.3.2;
						ProvisioningStyle = Automatic;
						TestTargetID = A76E9A911EB9789B0091915D;
					};
					A76E9AB51EB9789B0091915D = {
						CreatedOnToolsVersion = 8.3.2;
						ProvisioningStyle = Automatic;
						TestTargetID = A76E9A911EB9789B0091915D;
					};
				};
			};
			buildConfigurationList = A76E9A8D1EB9789B0091915D /* Build configuration list for PBXProject "TommyTemplate" */;
			compatibilityVersion = "Xcode 3.2";
			developmentRegion = English;
			hasScannedForEncodings = 0;
			knownRegions = (
				en,
				Base,
			);
			mainGroup = A76E9A891EB9789B0091915D;
			productRefGroup = A76E9A931EB9789B0091915D /* Products */;
			projectDirPath = "";
			projectRoot = "";
			targets = (
				A76E9A911EB9789B0091915D /* TommyTemplate */,
				A76E9AAA1EB9789B0091915D /* TommyTemplateTests */,
				A76E9AB51EB9789B0091915D /* TommyTemplateUITests */,
			);
		};
/* End PBXProject section */

/* Begin PBXResourcesBuildPhase section */
		A76E9A901EB9789B0091915D /* Resources */ = {
			isa = PBXResourcesBuildPhase;
			buildActionMask = 2147483647;
			files = (
				A76E9AA51EB9789B0091915D /* LaunchScreen.storyboard in Resources */,
				A76E9AA21EB9789B0091915D /* Assets.xcassets in Resources */,
				A76E9AA01EB9789B0091915D /* Main.storyboard in Resources */,
			);
			runOnlyForDeploymentPostprocessing = 0;
		};
		A76E9AA91EB9789B0091915D /* Resources */ = {
			isa = PBXResourcesBuildPhase;
			buildActionMask = 2147483647;
			files = (
			);
			runOnlyForDeploymentPostprocessing = 0;
		};
		A76E9AB41EB9789B0091915D /* Resources */ = {
			isa = PBXResourcesBuildPhase;
			buildActionMask = 2147483647;
			files = (
			);
			runOnlyForDeploymentPostprocessing = 0;
		};
/* End PBXResourcesBuildPhase section */

/* Begin PBXShellScriptBuildPhase section */
		8B1650CC580FCC50D376574E /* [CP] Copy Pods Resources */ = {
			isa = PBXShellScriptBuildPhase;
			buildActionMask = 2147483647;
			files = (
			);
			inputPaths = (
			);
			name = "[CP] Copy Pods Resources";
			outputPaths = (
			);
			runOnlyForDeploymentPostprocessing = 0;
			shellPath = /bin/sh;
			shellScript = "\"${SRCROOT}/Pods/Target Support Files/Pods-TommyTemplate/Pods-TommyTemplate-resources.sh\"\n";
			showEnvVarsInLog = 0;
		};
		C7E2F57D6F37386970885245 /* [CP] Check Pods Manifest.lock */ = {
			isa = PBXShellScriptBuildPhase;
			buildActionMask = 2147483647;
			files = (
			);
			inputPaths = (
			);
			name = "[CP] Check Pods Manifest.lock";
			outputPaths = (
			);
			runOnlyForDeploymentPostprocessing = 0;
			shellPath = /bin/sh;
			shellScript = "diff \"${PODS_PODFILE_DIR_PATH}/Podfile.lock\" \"${PODS_ROOT}/Manifest.lock\" > /dev/null\nif [ $? != 0 ] ; then\n    # print error to STDERR\n    echo \"error: The sandbox is not in sync with the Podfile.lock. Run 'pod install' or update your CocoaPods installation.\" >&2\n    exit 1\nfi\n";
			showEnvVarsInLog = 0;
		};
		EAEF9C124D9DDE2F7350085F /* [CP] Embed Pods Frameworks */ = {
			isa = PBXShellScriptBuildPhase;
			buildActionMask = 2147483647;
			files = (
			);
			inputPaths = (
			);
			name = "[CP] Embed Pods Frameworks";
			outputPaths = (
			);
			runOnlyForDeploymentPostprocessing = 0;
			shellPath = /bin/sh;
			shellScript = "\"${SRCROOT}/Pods/Target Support Files/Pods-TommyTemplate/Pods-TommyTemplate-frameworks.sh\"\n";
			showEnvVarsInLog = 0;
		};
/* End PBXShellScriptBuildPhase section */

/* Begin PBXSourcesBuildPhase section */
		A76E9A8E1EB9789B0091915D /* Sources */ = {
			isa = PBXSourcesBuildPhase;
			buildActionMask = 2147483647;
			files = (
				A76E9B7A1EB988CF0091915D /* MBProgressHUD.m in Sources */,
				A76E9B8D1EB9CEB60091915D /* TYLocationObject.m in Sources */,
				A76E9B821EB9B5F40091915D /* BMChineseSort.m in Sources */,
				A76E9B901EB9CF550091915D /* CLLocation+YCLocation.m in Sources */,
				A76E9A9A1EB9789B0091915D /* AppDelegate.m in Sources */,
				A76E9B861EB9B7D00091915D /* DVYearMonthDatePicker.m in Sources */,
				A76E9B891EB9BC410091915D /* TYTestViewController.m in Sources */,
				A76E9A971EB9789B0091915D /* main.m in Sources */,
			);
			runOnlyForDeploymentPostprocessing = 0;
		};
		A76E9AA71EB9789B0091915D /* Sources */ = {
			isa = PBXSourcesBuildPhase;
			buildActionMask = 2147483647;
			files = (
				A76E9AB01EB9789B0091915D /* TommyTemplateTests.m in Sources */,
			);
			runOnlyForDeploymentPostprocessing = 0;
		};
		A76E9AB21EB9789B0091915D /* Sources */ = {
			isa = PBXSourcesBuildPhase;
			buildActionMask = 2147483647;
			files = (
				A76E9ABB1EB9789B0091915D /* TommyTemplateUITests.m in Sources */,
			);
			runOnlyForDeploymentPostprocessing = 0;
		};
/* End PBXSourcesBuildPhase section */

/* Begin PBXTargetDependency section */
		A76E9AAD1EB9789B0091915D /* PBXTargetDependency */ = {
			isa = PBXTargetDependency;
			target = A76E9A911EB9789B0091915D /* TommyTemplate */;
			targetProxy = A76E9AAC1EB9789B0091915D /* PBXContainerItemProxy */;
		};
		A76E9AB81EB9789B0091915D /* PBXTargetDependency */ = {
			isa = PBXTargetDependency;
			target = A76E9A911EB9789B0091915D /* TommyTemplate */;
			targetProxy = A76E9AB71EB9789B0091915D /* PBXContainerItemProxy */;
		};
/* End PBXTargetDependency section */

/* Begin PBXVariantGroup section */
		A76E9A9E1EB9789B0091915D /* Main.storyboard */ = {
			isa = PBXVariantGroup;
			children = (
				A76E9A9F1EB9789B0091915D /* Base */,
			);
			name = Main.storyboard;
			sourceTree = "<group>";
		};
		A76E9AA31EB9789B0091915D /* LaunchScreen.storyboard */ = {
			isa = PBXVariantGroup;
			children = (
				A76E9AA41EB9789B0091915D /* Base */,
			);
			name = LaunchScreen.storyboard;
			sourceTree = "<group>";
		};
/* End PBXVariantGroup section */

/* Begin XCBuildConfiguration section */
		A76E9ABD1EB9789B0091915D /* Debug */ = {
			isa = XCBuildConfiguration;
			buildSettings = {
				ALWAYS_SEARCH_USER_PATHS = NO;
				CLANG_ANALYZER_NONNULL = YES;
				CLANG_ANALYZER_NUMBER_OBJECT_CONVERSION = YES_AGGRESSIVE;
				CLANG_CXX_LANGUAGE_STANDARD = "gnu++0x";
				CLANG_CXX_LIBRARY = "libc++";
				CLANG_ENABLE_MODULES = YES;
				CLANG_ENABLE_OBJC_ARC = YES;
				CLANG_WARN_BOOL_CONVERSION = YES;
				CLANG_WARN_CONSTANT_CONVERSION = YES;
				CLANG_WARN_DIRECT_OBJC_ISA_USAGE = YES_ERROR;
				CLANG_WARN_DOCUMENTATION_COMMENTS = YES;
				CLANG_WARN_EMPTY_BODY = YES;
				CLANG_WARN_ENUM_CONVERSION = YES;
				CLANG_WARN_INFINITE_RECURSION = YES;
				CLANG_WARN_INT_CONVERSION = YES;
				CLANG_WARN_OBJC_ROOT_CLASS = YES_ERROR;
				CLANG_WARN_SUSPICIOUS_MOVE = YES;
				CLANG_WARN_UNREACHABLE_CODE = YES;
				CLANG_WARN__DUPLICATE_METHOD_MATCH = YES;
				"CODE_SIGN_IDENTITY[sdk=iphoneos*]" = "iPhone Developer";
				COPY_PHASE_STRIP = NO;
				DEBUG_INFORMATION_FORMAT = dwarf;
				ENABLE_STRICT_OBJC_MSGSEND = YES;
				ENABLE_TESTABILITY = YES;
				GCC_C_LANGUAGE_STANDARD = gnu99;
				GCC_DYNAMIC_NO_PIC = NO;
				GCC_NO_COMMON_BLOCKS = YES;
				GCC_OPTIMIZATION_LEVEL = 0;
				GCC_PREPROCESSOR_DEFINITIONS = (
					"DEBUG=1",
					"$(inherited)",
				);
				GCC_WARN_64_TO_32_BIT_CONVERSION = YES;
				GCC_WARN_ABOUT_RETURN_TYPE = YES_ERROR;
				GCC_WARN_UNDECLARED_SELECTOR = YES;
				GCC_WARN_UNINITIALIZED_AUTOS = YES_AGGRESSIVE;
				GCC_WARN_UNUSED_FUNCTION = YES;
				GCC_WARN_UNUSED_VARIABLE = YES;
				IPHONEOS_DEPLOYMENT_TARGET = 10.3;
				MTL_ENABLE_DEBUG_INFO = YES;
				ONLY_ACTIVE_ARCH = YES;
				SDKROOT = iphoneos;
				TARGETED_DEVICE_FAMILY = "1,2";
			};
			name = Debug;
		};
		A76E9ABE1EB9789B0091915D /* Release */ = {
			isa = XCBuildConfiguration;
			buildSettings = {
				ALWAYS_SEARCH_USER_PATHS = NO;
				CLANG_ANALYZER_NONNULL = YES;
				CLANG_ANALYZER_NUMBER_OBJECT_CONVERSION = YES_AGGRESSIVE;
				CLANG_CXX_LANGUAGE_STANDARD = "gnu++0x";
				CLANG_CXX_LIBRARY = "libc++";
				CLANG_ENABLE_MODULES = YES;
				CLANG_ENABLE_OBJC_ARC = YES;
				CLANG_WARN_BOOL_CONVERSION = YES;
				CLANG_WARN_CONSTANT_CONVERSION = YES;
				CLANG_WARN_DIRECT_OBJC_ISA_USAGE = YES_ERROR;
				CLANG_WARN_DOCUMENTATION_COMMENTS = YES;
				CLANG_WARN_EMPTY_BODY = YES;
				CLANG_WARN_ENUM_CONVERSION = YES;
				CLANG_WARN_INFINITE_RECURSION = YES;
				CLANG_WARN_INT_CONVERSION = YES;
				CLANG_WARN_OBJC_ROOT_CLASS = YES_ERROR;
				CLANG_WARN_SUSPICIOUS_MOVE = YES;
				CLANG_WARN_UNREACHABLE_CODE = YES;
				CLANG_WARN__DUPLICATE_METHOD_MATCH = YES;
				"CODE_SIGN_IDENTITY[sdk=iphoneos*]" = "iPhone Developer";
				COPY_PHASE_STRIP = NO;
				DEBUG_INFORMATION_FORMAT = "dwarf-with-dsym";
				ENABLE_NS_ASSERTIONS = NO;
				ENABLE_STRICT_OBJC_MSGSEND = YES;
				GCC_C_LANGUAGE_STANDARD = gnu99;
				GCC_NO_COMMON_BLOCKS = YES;
				GCC_WARN_64_TO_32_BIT_CONVERSION = YES;
				GCC_WARN_ABOUT_RETURN_TYPE = YES_ERROR;
				GCC_WARN_UNDECLARED_SELECTOR = YES;
				GCC_WARN_UNINITIALIZED_AUTOS = YES_AGGRESSIVE;
				GCC_WARN_UNUSED_FUNCTION = YES;
				GCC_WARN_UNUSED_VARIABLE = YES;
				IPHONEOS_DEPLOYMENT_TARGET = 10.3;
				MTL_ENABLE_DEBUG_INFO = NO;
				SDKROOT = iphoneos;
				TARGETED_DEVICE_FAMILY = "1,2";
				VALIDATE_PRODUCT = YES;
			};
			name = Release;
		};
		A76E9AC01EB9789B0091915D /* Debug */ = {
			isa = XCBuildConfiguration;
			baseConfigurationReference = 263870373920F99A2ED8B985 /* Pods-TommyTemplate.debug.xcconfig */;
			buildSettings = {
				ASSETCATALOG_COMPILER_APPICON_NAME = AppIcon;
				INFOPLIST_FILE = TommyTemplate/Info.plist;
				IPHONEOS_DEPLOYMENT_TARGET = 9.0;
				LD_RUNPATH_SEARCH_PATHS = "$(inherited) @executable_path/Frameworks";
				PRODUCT_BUNDLE_IDENTIFIER = com.tommy.TommyTemplate;
				PRODUCT_NAME = "$(TARGET_NAME)";
			};
			name = Debug;
		};
		A76E9AC11EB9789B0091915D /* Release */ = {
			isa = XCBuildConfiguration;
			baseConfigurationReference = A20AB2A1419432F5676FAD6C /* Pods-TommyTemplate.release.xcconfig */;
			buildSettings = {
				ASSETCATALOG_COMPILER_APPICON_NAME = AppIcon;
				INFOPLIST_FILE = TommyTemplate/Info.plist;
				IPHONEOS_DEPLOYMENT_TARGET = 9.0;
				LD_RUNPATH_SEARCH_PATHS = "$(inherited) @executable_path/Frameworks";
				PRODUCT_BUNDLE_IDENTIFIER = com.tommy.TommyTemplate;
				PRODUCT_NAME = "$(TARGET_NAME)";
			};
			name = Release;
		};
		A76E9AC31EB9789B0091915D /* Debug */ = {
			isa = XCBuildConfiguration;
			buildSettings = {
				BUNDLE_LOADER = "$(TEST_HOST)";
				INFOPLIST_FILE = TommyTemplateTests/Info.plist;
				LD_RUNPATH_SEARCH_PATHS = "$(inherited) @executable_path/Frameworks @loader_path/Frameworks";
				PRODUCT_BUNDLE_IDENTIFIER = com.tommy.TommyTemplateTests;
				PRODUCT_NAME = "$(TARGET_NAME)";
				TEST_HOST = "$(BUILT_PRODUCTS_DIR)/TommyTemplate.app/TommyTemplate";
			};
			name = Debug;
		};
		A76E9AC41EB9789B0091915D /* Release */ = {
			isa = XCBuildConfiguration;
			buildSettings = {
				BUNDLE_LOADER = "$(TEST_HOST)";
				INFOPLIST_FILE = TommyTemplateTests/Info.plist;
				LD_RUNPATH_SEARCH_PATHS = "$(inherited) @executable_path/Frameworks @loader_path/Frameworks";
				PRODUCT_BUNDLE_IDENTIFIER = com.tommy.TommyTemplateTests;
				PRODUCT_NAME = "$(TARGET_NAME)";
				TEST_HOST = "$(BUILT_PRODUCTS_DIR)/TommyTemplate.app/TommyTemplate";
			};
			name = Release;
		};
		A76E9AC61EB9789B0091915D /* Debug */ = {
			isa = XCBuildConfiguration;
			buildSettings = {
				INFOPLIST_FILE = TommyTemplateUITests/Info.plist;
				LD_RUNPATH_SEARCH_PATHS = "$(inherited) @executable_path/Frameworks @loader_path/Frameworks";
				PRODUCT_BUNDLE_IDENTIFIER = com.tommy.TommyTemplateUITests;
				PRODUCT_NAME = "$(TARGET_NAME)";
				TEST_TARGET_NAME = TommyTemplate;
			};
			name = Debug;
		};
		A76E9AC71EB9789B0091915D /* Release */ = {
			isa = XCBuildConfiguration;
			buildSettings = {
				INFOPLIST_FILE = TommyTemplateUITests/Info.plist;
				LD_RUNPATH_SEARCH_PATHS = "$(inherited) @executable_path/Frameworks @loader_path/Frameworks";
				PRODUCT_BUNDLE_IDENTIFIER = com.tommy.TommyTemplateUITests;
				PRODUCT_NAME = "$(TARGET_NAME)";
				TEST_TARGET_NAME = TommyTemplate;
			};
			name = Release;
		};
/* End XCBuildConfiguration section */

/* Begin XCConfigurationList section */
		A76E9A8D1EB9789B0091915D /* Build configuration list for PBXProject "TommyTemplate" */ = {
			isa = XCConfigurationList;
			buildConfigurations = (
				A76E9ABD1EB9789B0091915D /* Debug */,
				A76E9ABE1EB9789B0091915D /* Release */,
			);
			defaultConfigurationIsVisible = 0;
			defaultConfigurationName = Release;
		};
		A76E9ABF1EB9789B0091915D /* Build configuration list for PBXNativeTarget "TommyTemplate" */ = {
			isa = XCConfigurationList;
			buildConfigurations = (
				A76E9AC01EB9789B0091915D /* Debug */,
				A76E9AC11EB9789B0091915D /* Release */,
			);
			defaultConfigurationIsVisible = 0;
			defaultConfigurationName = Release;
		};
		A76E9AC21EB9789B0091915D /* Build configuration list for PBXNativeTarget "TommyTemplateTests" */ = {
			isa = XCConfigurationList;
			buildConfigurations = (
				A76E9AC31EB9789B0091915D /* Debug */,
				A76E9AC41EB9789B0091915D /* Release */,
			);
			defaultConfigurationIsVisible = 0;
			defaultConfigurationName = Release;
		};
		A76E9AC51EB9789B0091915D /* Build configuration list for PBXNativeTarget "TommyTemplateUITests" */ = {
			isa = XCConfigurationList;
			buildConfigurations = (
				A76E9AC61EB9789B0091915D /* Debug */,
				A76E9AC71EB9789B0091915D /* Release */,
			);
			defaultConfigurationIsVisible = 0;
			defaultConfigurationName = Release;
		};
/* End XCConfigurationList section */
	};
	rootObject = A76E9A8A1EB9789B0091915D /* Project object */;
}
